{
  "name": "dexrnzacattack.github.io",
  "lockfileVersion": 3,
  "requires": true,
  "packages": {
    "": {
      "name": "dexrnzacattack.github.io",
      "devDependencies": {
        "nbtify": "1.90.1"
      }
    },
    "node_modules/nbtify": {
      "version": "1.90.1",
      "resolved": "https://registry.npmjs.org/nbtify/-/nbtify-1.90.1.tgz",
      "integrity": "sha512-EN5LK7QUi5TFy4FCM4hRnLsW0LgpJfOI3h4NV8W9jsK3gIOL13FVTUUi+EmiN31l4ED5atKNJubhKUOb3O8dYg==",
      "dev": true,
      "bin": {
        "nbtify": "dist/bin/index.js"
      }
    }
  }
}
